// !$*UTF8*$!
{
	archiveVersion = 1;
	classes = {
	};
	objectVersion = 55;
	objects = {

/* Begin PBXBuildFile section */
		064B04BA2A08DAAB00230FBC /* VitalWinkApp.swift in Sources */ = {isa = PBXBuildFile; fileRef = 064B04B92A08DAAB00230FBC /* VitalWinkApp.swift */; };
		064B04BE2A08DAAC00230FBC /* Assets.xcassets in Resources */ = {isa = PBXBuildFile; fileRef = 064B04BD2A08DAAC00230FBC /* Assets.xcassets */; };
		064B04C12A08DAAC00230FBC /* Preview Assets.xcassets in Resources */ = {isa = PBXBuildFile; fileRef = 064B04C02A08DAAC00230FBC /* Preview Assets.xcassets */; };
		064B04CB2A08DAAC00230FBC /* CameraTest.swift in Sources */ = {isa = PBXBuildFile; fileRef = 064B04CA2A08DAAC00230FBC /* CameraTest.swift */; };
		064B04D52A08DAAC00230FBC /* VitalWinkUITests.swift in Sources */ = {isa = PBXBuildFile; fileRef = 064B04D42A08DAAC00230FBC /* VitalWinkUITests.swift */; };
		064B04D72A08DAAC00230FBC /* VitalWinkUITestsLaunchTests.swift in Sources */ = {isa = PBXBuildFile; fileRef = 064B04D62A08DAAC00230FBC /* VitalWinkUITestsLaunchTests.swift */; };
		064B04E72A08F14800230FBC /* Camera.swift in Sources */ = {isa = PBXBuildFile; fileRef = 064B04E62A08F14800230FBC /* Camera.swift */; };
		723974D5A26EA177305C32F5 /* Pods_VitalWink.framework in Frameworks */ = {isa = PBXBuildFile; fileRef = A5DE7A073E2799C317830FB7 /* Pods_VitalWink.framework */; };
		899F51F1463369C41E3C4E00 /* Pods_VitalWinkTests.framework in Frameworks */ = {isa = PBXBuildFile; fileRef = D50B57F520053C5D372806C0 /* Pods_VitalWinkTests.framework */; };
		C49198033F46F87165FCBC44 /* Pods_VitalWink_VitalWinkUITests.framework in Frameworks */ = {isa = PBXBuildFile; fileRef = 0857841D777CC5C81601A7FC /* Pods_VitalWink_VitalWinkUITests.framework */; };
/* End PBXBuildFile section */

/* Begin PBXContainerItemProxy section */
		064B04C72A08DAAC00230FBC /* PBXContainerItemProxy */ = {
			isa = PBXContainerItemProxy;
			containerPortal = 064B04AE2A08DAAB00230FBC /* Project object */;
			proxyType = 1;
			remoteGlobalIDString = 064B04B52A08DAAB00230FBC;
			remoteInfo = VitalWink;
		};
		064B04D12A08DAAC00230FBC /* PBXContainerItemProxy */ = {
			isa = PBXContainerItemProxy;
			containerPortal = 064B04AE2A08DAAB00230FBC /* Project object */;
			proxyType = 1;
			remoteGlobalIDString = 064B04B52A08DAAB00230FBC;
			remoteInfo = VitalWink;
		};
/* End PBXContainerItemProxy section */

/* Begin PBXFileReference section */
		064B04B62A08DAAB00230FBC /* VitalWink.app */ = {isa = PBXFileReference; explicitFileType = wrapper.application; includeInIndex = 0; path = VitalWink.app; sourceTree = BUILT_PRODUCTS_DIR; };
		064B04B92A08DAAB00230FBC /* VitalWinkApp.swift */ = {isa = PBXFileReference; lastKnownFileType = sourcecode.swift; path = VitalWinkApp.swift; sourceTree = "<group>"; };
		064B04BD2A08DAAC00230FBC /* Assets.xcassets */ = {isa = PBXFileReference; lastKnownFileType = folder.assetcatalog; path = Assets.xcassets; sourceTree = "<group>"; };
		064B04C02A08DAAC00230FBC /* Preview Assets.xcassets */ = {isa = PBXFileReference; lastKnownFileType = folder.assetcatalog; path = "Preview Assets.xcassets"; sourceTree = "<group>"; };
		064B04C62A08DAAC00230FBC /* VitalWinkTests.xctest */ = {isa = PBXFileReference; explicitFileType = wrapper.cfbundle; includeInIndex = 0; path = VitalWinkTests.xctest; sourceTree = BUILT_PRODUCTS_DIR; };
		064B04CA2A08DAAC00230FBC /* CameraTest.swift */ = {isa = PBXFileReference; lastKnownFileType = sourcecode.swift; path = CameraTest.swift; sourceTree = "<group>"; };
		064B04D02A08DAAC00230FBC /* VitalWinkUITests.xctest */ = {isa = PBXFileReference; explicitFileType = wrapper.cfbundle; includeInIndex = 0; path = VitalWinkUITests.xctest; sourceTree = BUILT_PRODUCTS_DIR; };
		064B04D42A08DAAC00230FBC /* VitalWinkUITests.swift */ = {isa = PBXFileReference; lastKnownFileType = sourcecode.swift; path = VitalWinkUITests.swift; sourceTree = "<group>"; };
		064B04D62A08DAAC00230FBC /* VitalWinkUITestsLaunchTests.swift */ = {isa = PBXFileReference; lastKnownFileType = sourcecode.swift; path = VitalWinkUITestsLaunchTests.swift; sourceTree = "<group>"; };
		064B04E32A08DD8000230FBC /* Info.plist */ = {isa = PBXFileReference; lastKnownFileType = text.plist; path = Info.plist; sourceTree = "<group>"; };
		064B04E62A08F14800230FBC /* Camera.swift */ = {isa = PBXFileReference; lastKnownFileType = sourcecode.swift; path = Camera.swift; sourceTree = "<group>"; };
		0857841D777CC5C81601A7FC /* Pods_VitalWink_VitalWinkUITests.framework */ = {isa = PBXFileReference; explicitFileType = wrapper.framework; includeInIndex = 0; path = Pods_VitalWink_VitalWinkUITests.framework; sourceTree = BUILT_PRODUCTS_DIR; };
		2A47F3C14603A90C365056B2 /* Pods-VitalWink.debug.xcconfig */ = {isa = PBXFileReference; includeInIndex = 1; lastKnownFileType = text.xcconfig; name = "Pods-VitalWink.debug.xcconfig"; path = "Target Support Files/Pods-VitalWink/Pods-VitalWink.debug.xcconfig"; sourceTree = "<group>"; };
		2C6F199A9B1A255059C245B6 /* Pods-VitalWink-VitalWinkUITests.release.xcconfig */ = {isa = PBXFileReference; includeInIndex = 1; lastKnownFileType = text.xcconfig; name = "Pods-VitalWink-VitalWinkUITests.release.xcconfig"; path = "Target Support Files/Pods-VitalWink-VitalWinkUITests/Pods-VitalWink-VitalWinkUITests.release.xcconfig"; sourceTree = "<group>"; };
		84643737B9BF11C1E6A6F40F /* Pods-VitalWinkTests.debug.xcconfig */ = {isa = PBXFileReference; includeInIndex = 1; lastKnownFileType = text.xcconfig; name = "Pods-VitalWinkTests.debug.xcconfig"; path = "Target Support Files/Pods-VitalWinkTests/Pods-VitalWinkTests.debug.xcconfig"; sourceTree = "<group>"; };
		9858D4930D838B9E05520A65 /* Pods-VitalWink.release.xcconfig */ = {isa = PBXFileReference; includeInIndex = 1; lastKnownFileType = text.xcconfig; name = "Pods-VitalWink.release.xcconfig"; path = "Target Support Files/Pods-VitalWink/Pods-VitalWink.release.xcconfig"; sourceTree = "<group>"; };
		A5DE7A073E2799C317830FB7 /* Pods_VitalWink.framework */ = {isa = PBXFileReference; explicitFileType = wrapper.framework; includeInIndex = 0; path = Pods_VitalWink.framework; sourceTree = BUILT_PRODUCTS_DIR; };
		A66C8DC35B6CF907D134CFA8 /* Pods-VitalWinkTests.release.xcconfig */ = {isa = PBXFileReference; includeInIndex = 1; lastKnownFileType = text.xcconfig; name = "Pods-VitalWinkTests.release.xcconfig"; path = "Target Support Files/Pods-VitalWinkTests/Pods-VitalWinkTests.release.xcconfig"; sourceTree = "<group>"; };
		D3484BDFF897DDA39B1FA534 /* Pods-VitalWink-VitalWinkUITests.debug.xcconfig */ = {isa = PBXFileReference; includeInIndex = 1; lastKnownFileType = text.xcconfig; name = "Pods-VitalWink-VitalWinkUITests.debug.xcconfig"; path = "Target Support Files/Pods-VitalWink-VitalWinkUITests/Pods-VitalWink-VitalWinkUITests.debug.xcconfig"; sourceTree = "<group>"; };
		D50B57F520053C5D372806C0 /* Pods_VitalWinkTests.framework */ = {isa = PBXFileReference; explicitFileType = wrapper.framework; includeInIndex = 0; path = Pods_VitalWinkTests.framework; sourceTree = BUILT_PRODUCTS_DIR; };
/* End PBXFileReference section */

/* Begin PBXFrameworksBuildPhase section */
		064B04B32A08DAAB00230FBC /* Frameworks */ = {
			isa = PBXFrameworksBuildPhase;
			buildActionMask = 2147483647;
			files = (
				723974D5A26EA177305C32F5 /* Pods_VitalWink.framework in Frameworks */,
			);
			runOnlyForDeploymentPostprocessing = 0;
		};
		064B04C32A08DAAC00230FBC /* Frameworks */ = {
			isa = PBXFrameworksBuildPhase;
			buildActionMask = 2147483647;
			files = (
				899F51F1463369C41E3C4E00 /* Pods_VitalWinkTests.framework in Frameworks */,
			);
			runOnlyForDeploymentPostprocessing = 0;
		};
		064B04CD2A08DAAC00230FBC /* Frameworks */ = {
			isa = PBXFrameworksBuildPhase;
			buildActionMask = 2147483647;
			files = (
				C49198033F46F87165FCBC44 /* Pods_VitalWink_VitalWinkUITests.framework in Frameworks */,
			);
			runOnlyForDeploymentPostprocessing = 0;
		};
/* End PBXFrameworksBuildPhase section */

/* Begin PBXGroup section */
		064B04AD2A08DAAB00230FBC = {
			isa = PBXGroup;
			children = (
				064B04B82A08DAAB00230FBC /* VitalWink */,
				064B04C92A08DAAC00230FBC /* VitalWinkTests */,
				064B04D32A08DAAC00230FBC /* VitalWinkUITests */,
				064B04B72A08DAAB00230FBC /* Products */,
				13E4E6C11327D415DC3D4F1A /* Pods */,
				8B75D52E05326CFDDBB9AA47 /* Frameworks */,
			);
			sourceTree = "<group>";
		};
		064B04B72A08DAAB00230FBC /* Products */ = {
			isa = PBXGroup;
			children = (
				064B04B62A08DAAB00230FBC /* VitalWink.app */,
				064B04C62A08DAAC00230FBC /* VitalWinkTests.xctest */,
				064B04D02A08DAAC00230FBC /* VitalWinkUITests.xctest */,
			);
			name = Products;
			sourceTree = "<group>";
		};
		064B04B82A08DAAB00230FBC /* VitalWink */ = {
			isa = PBXGroup;
			children = (
				064B04E32A08DD8000230FBC /* Info.plist */,
				064B04B92A08DAAB00230FBC /* VitalWinkApp.swift */,
				064B04BD2A08DAAC00230FBC /* Assets.xcassets */,
				064B04BF2A08DAAC00230FBC /* Preview Content */,
				064B04E62A08F14800230FBC /* Camera.swift */,
			);
			path = VitalWink;
			sourceTree = "<group>";
		};
		064B04BF2A08DAAC00230FBC /* Preview Content */ = {
			isa = PBXGroup;
			children = (
				064B04C02A08DAAC00230FBC /* Preview Assets.xcassets */,
			);
			path = "Preview Content";
			sourceTree = "<group>";
		};
		064B04C92A08DAAC00230FBC /* VitalWinkTests */ = {
			isa = PBXGroup;
			children = (
				064B04CA2A08DAAC00230FBC /* CameraTest.swift */,
			);
			path = VitalWinkTests;
			sourceTree = "<group>";
		};
		064B04D32A08DAAC00230FBC /* VitalWinkUITests */ = {
			isa = PBXGroup;
			children = (
				064B04D42A08DAAC00230FBC /* VitalWinkUITests.swift */,
				064B04D62A08DAAC00230FBC /* VitalWinkUITestsLaunchTests.swift */,
			);
			path = VitalWinkUITests;
			sourceTree = "<group>";
		};
		13E4E6C11327D415DC3D4F1A /* Pods */ = {
			isa = PBXGroup;
			children = (
				2A47F3C14603A90C365056B2 /* Pods-VitalWink.debug.xcconfig */,
				9858D4930D838B9E05520A65 /* Pods-VitalWink.release.xcconfig */,
				D3484BDFF897DDA39B1FA534 /* Pods-VitalWink-VitalWinkUITests.debug.xcconfig */,
				2C6F199A9B1A255059C245B6 /* Pods-VitalWink-VitalWinkUITests.release.xcconfig */,
				84643737B9BF11C1E6A6F40F /* Pods-VitalWinkTests.debug.xcconfig */,
				A66C8DC35B6CF907D134CFA8 /* Pods-VitalWinkTests.release.xcconfig */,
			);
			path = Pods;
			sourceTree = "<group>";
		};
		8B75D52E05326CFDDBB9AA47 /* Frameworks */ = {
			isa = PBXGroup;
			children = (
				A5DE7A073E2799C317830FB7 /* Pods_VitalWink.framework */,
				0857841D777CC5C81601A7FC /* Pods_VitalWink_VitalWinkUITests.framework */,
				D50B57F520053C5D372806C0 /* Pods_VitalWinkTests.framework */,
			);
			name = Frameworks;
			sourceTree = "<group>";
		};
/* End PBXGroup section */

/* Begin PBXNativeTarget section */
		064B04B52A08DAAB00230FBC /* VitalWink */ = {
			isa = PBXNativeTarget;
			buildConfigurationList = 064B04DA2A08DAAC00230FBC /* Build configuration list for PBXNativeTarget "VitalWink" */;
			buildPhases = (
				1DE956B1F281FC6021E7E045 /* [CP] Check Pods Manifest.lock */,
				064B04B22A08DAAB00230FBC /* Sources */,
				064B04B32A08DAAB00230FBC /* Frameworks */,
				064B04B42A08DAAB00230FBC /* Resources */,
				84F3F5A65529B79C52FF377C /* [CP] Embed Pods Frameworks */,
			);
			buildRules = (
			);
			dependencies = (
			);
			name = VitalWink;
			productName = VitalWink;
			productReference = 064B04B62A08DAAB00230FBC /* VitalWink.app */;
			productType = "com.apple.product-type.application";
		};
		064B04C52A08DAAC00230FBC /* VitalWinkTests */ = {
			isa = PBXNativeTarget;
			buildConfigurationList = 064B04DD2A08DAAC00230FBC /* Build configuration list for PBXNativeTarget "VitalWinkTests" */;
			buildPhases = (
				E57C8A60608BB6ADC2D5BDEB /* [CP] Check Pods Manifest.lock */,
				064B04C22A08DAAC00230FBC /* Sources */,
				064B04C32A08DAAC00230FBC /* Frameworks */,
				064B04C42A08DAAC00230FBC /* Resources */,
				CA968E8217673C6C46ED5811 /* [CP] Embed Pods Frameworks */,
			);
			buildRules = (
			);
			dependencies = (
				064B04C82A08DAAC00230FBC /* PBXTargetDependency */,
			);
			name = VitalWinkTests;
			productName = VitalWinkTests;
			productReference = 064B04C62A08DAAC00230FBC /* VitalWinkTests.xctest */;
			productType = "com.apple.product-type.bundle.unit-test";
		};
		064B04CF2A08DAAC00230FBC /* VitalWinkUITests */ = {
			isa = PBXNativeTarget;
			buildConfigurationList = 064B04E02A08DAAC00230FBC /* Build configuration list for PBXNativeTarget "VitalWinkUITests" */;
			buildPhases = (
				04C887BE2290C12E48D57A48 /* [CP] Check Pods Manifest.lock */,
				064B04CC2A08DAAC00230FBC /* Sources */,
				064B04CD2A08DAAC00230FBC /* Frameworks */,
				064B04CE2A08DAAC00230FBC /* Resources */,
				8926BE084B79D0F2F677FDE2 /* [CP] Embed Pods Frameworks */,
			);
			buildRules = (
			);
			dependencies = (
				064B04D22A08DAAC00230FBC /* PBXTargetDependency */,
			);
			name = VitalWinkUITests;
			productName = VitalWinkUITests;
			productReference = 064B04D02A08DAAC00230FBC /* VitalWinkUITests.xctest */;
			productType = "com.apple.product-type.bundle.ui-testing";
		};
/* End PBXNativeTarget section */

/* Begin PBXProject section */
		064B04AE2A08DAAB00230FBC /* Project object */ = {
			isa = PBXProject;
			attributes = {
				BuildIndependentTargetsInParallel = 1;
				LastSwiftUpdateCheck = 1430;
				LastUpgradeCheck = 1430;
				TargetAttributes = {
					064B04B52A08DAAB00230FBC = {
						CreatedOnToolsVersion = 14.3;
					};
					064B04C52A08DAAC00230FBC = {
						CreatedOnToolsVersion = 14.3;
						TestTargetID = 064B04B52A08DAAB00230FBC;
					};
					064B04CF2A08DAAC00230FBC = {
						CreatedOnToolsVersion = 14.3;
						TestTargetID = 064B04B52A08DAAB00230FBC;
					};
				};
			};
			buildConfigurationList = 064B04B12A08DAAB00230FBC /* Build configuration list for PBXProject "VitalWink" */;
			compatibilityVersion = "Xcode 13.0";
			developmentRegion = en;
			hasScannedForEncodings = 0;
			knownRegions = (
				en,
				Base,
			);
			mainGroup = 064B04AD2A08DAAB00230FBC;
			productRefGroup = 064B04B72A08DAAB00230FBC /* Products */;
			projectDirPath = "";
			projectRoot = "";
			targets = (
				064B04B52A08DAAB00230FBC /* VitalWink */,
				064B04C52A08DAAC00230FBC /* VitalWinkTests */,
				064B04CF2A08DAAC00230FBC /* VitalWinkUITests */,
			);
		};
/* End PBXProject section */

/* Begin PBXResourcesBuildPhase section */
		064B04B42A08DAAB00230FBC /* Resources */ = {
			isa = PBXResourcesBuildPhase;
			buildActionMask = 2147483647;
			files = (
				064B04C12A08DAAC00230FBC /* Preview Assets.xcassets in Resources */,
				064B04BE2A08DAAC00230FBC /* Assets.xcassets in Resources */,
			);
			runOnlyForDeploymentPostprocessing = 0;
		};
		064B04C42A08DAAC00230FBC /* Resources */ = {
			isa = PBXResourcesBuildPhase;
			buildActionMask = 2147483647;
			files = (
			);
			runOnlyForDeploymentPostprocessing = 0;
		};
		064B04CE2A08DAAC00230FBC /* Resources */ = {
			isa = PBXResourcesBuildPhase;
			buildActionMask = 2147483647;
			files = (
			);
			runOnlyForDeploymentPostprocessing = 0;
		};
/* End PBXResourcesBuildPhase section */

/* Begin PBXShellScriptBuildPhase section */
		04C887BE2290C12E48D57A48 /* [CP] Check Pods Manifest.lock */ = {
			isa = PBXShellScriptBuildPhase;
			buildActionMask = 2147483647;
			files = (
			);
			inputFileListPaths = (
			);
			inputPaths = (
				"${PODS_PODFILE_DIR_PATH}/Podfile.lock",
				"${PODS_ROOT}/Manifest.lock",
			);
			name = "[CP] Check Pods Manifest.lock";
			outputFileListPaths = (
			);
			outputPaths = (
				"$(DERIVED_FILE_DIR)/Pods-VitalWink-VitalWinkUITests-checkManifestLockResult.txt",
			);
			runOnlyForDeploymentPostprocessing = 0;
			shellPath = /bin/sh;
			shellScript = "diff \"${PODS_PODFILE_DIR_PATH}/Podfile.lock\" \"${PODS_ROOT}/Manifest.lock\" > /dev/null\nif [ $? != 0 ] ; then\n    # print error to STDERR\n    echo \"error: The sandbox is not in sync with the Podfile.lock. Run 'pod install' or update your CocoaPods installation.\" >&2\n    exit 1\nfi\n# This output is used by Xcode 'outputs' to avoid re-running this script phase.\necho \"SUCCESS\" > \"${SCRIPT_OUTPUT_FILE_0}\"\n";
			showEnvVarsInLog = 0;
		};
		1DE956B1F281FC6021E7E045 /* [CP] Check Pods Manifest.lock */ = {
			isa = PBXShellScriptBuildPhase;
			buildActionMask = 2147483647;
			files = (
			);
			inputFileListPaths = (
			);
			inputPaths = (
				"${PODS_PODFILE_DIR_PATH}/Podfile.lock",
				"${PODS_ROOT}/Manifest.lock",
			);
			name = "[CP] Check Pods Manifest.lock";
			outputFileListPaths = (
			);
			outputPaths = (
				"$(DERIVED_FILE_DIR)/Pods-VitalWink-checkManifestLockResult.txt",
			);
			runOnlyForDeploymentPostprocessing = 0;
			shellPath = /bin/sh;
			shellScript = "diff \"${PODS_PODFILE_DIR_PATH}/Podfile.lock\" \"${PODS_ROOT}/Manifest.lock\" > /dev/null\nif [ $? != 0 ] ; then\n    # print error to STDERR\n    echo \"error: The sandbox is not in sync with the Podfile.lock. Run 'pod install' or update your CocoaPods installation.\" >&2\n    exit 1\nfi\n# This output is used by Xcode 'outputs' to avoid re-running this script phase.\necho \"SUCCESS\" > \"${SCRIPT_OUTPUT_FILE_0}\"\n";
			showEnvVarsInLog = 0;
		};
		84F3F5A65529B79C52FF377C /* [CP] Embed Pods Frameworks */ = {
			isa = PBXShellScriptBuildPhase;
			buildActionMask = 2147483647;
			files = (
			);
			inputFileListPaths = (
				"${PODS_ROOT}/Target Support Files/Pods-VitalWink/Pods-VitalWink-frameworks-${CONFIGURATION}-input-files.xcfilelist",
			);
			name = "[CP] Embed Pods Frameworks";
			outputFileListPaths = (
				"${PODS_ROOT}/Target Support Files/Pods-VitalWink/Pods-VitalWink-frameworks-${CONFIGURATION}-output-files.xcfilelist",
			);
			runOnlyForDeploymentPostprocessing = 0;
			shellPath = /bin/sh;
			shellScript = "\"${PODS_ROOT}/Target Support Files/Pods-VitalWink/Pods-VitalWink-frameworks.sh\"\n";
			showEnvVarsInLog = 0;
		};
		8926BE084B79D0F2F677FDE2 /* [CP] Embed Pods Frameworks */ = {
			isa = PBXShellScriptBuildPhase;
			buildActionMask = 2147483647;
			files = (
			);
			inputFileListPaths = (
				"${PODS_ROOT}/Target Support Files/Pods-VitalWink-VitalWinkUITests/Pods-VitalWink-VitalWinkUITests-frameworks-${CONFIGURATION}-input-files.xcfilelist",
			);
			name = "[CP] Embed Pods Frameworks";
			outputFileListPaths = (
				"${PODS_ROOT}/Target Support Files/Pods-VitalWink-VitalWinkUITests/Pods-VitalWink-VitalWinkUITests-frameworks-${CONFIGURATION}-output-files.xcfilelist",
			);
			runOnlyForDeploymentPostprocessing = 0;
			shellPath = /bin/sh;
			shellScript = "\"${PODS_ROOT}/Target Support Files/Pods-VitalWink-VitalWinkUITests/Pods-VitalWink-VitalWinkUITests-frameworks.sh\"\n";
			showEnvVarsInLog = 0;
		};
		CA968E8217673C6C46ED5811 /* [CP] Embed Pods Frameworks */ = {
			isa = PBXShellScriptBuildPhase;
			buildActionMask = 2147483647;
			files = (
			);
			inputFileListPaths = (
				"${PODS_ROOT}/Target Support Files/Pods-VitalWinkTests/Pods-VitalWinkTests-frameworks-${CONFIGURATION}-input-files.xcfilelist",
			);
			name = "[CP] Embed Pods Frameworks";
			outputFileListPaths = (
				"${PODS_ROOT}/Target Support Files/Pods-VitalWinkTests/Pods-VitalWinkTests-frameworks-${CONFIGURATION}-output-files.xcfilelist",
			);
			runOnlyForDeploymentPostprocessing = 0;
			shellPath = /bin/sh;
			shellScript = "\"${PODS_ROOT}/Target Support Files/Pods-VitalWinkTests/Pods-VitalWinkTests-frameworks.sh\"\n";
			showEnvVarsInLog = 0;
		};
		E57C8A60608BB6ADC2D5BDEB /* [CP] Check Pods Manifest.lock */ = {
			isa = PBXShellScriptBuildPhase;
			buildActionMask = 2147483647;
			files = (
			);
			inputFileListPaths = (
			);
			inputPaths = (
				"${PODS_PODFILE_DIR_PATH}/Podfile.lock",
				"${PODS_ROOT}/Manifest.lock",
			);
			name = "[CP] Check Pods Manifest.lock";
			outputFileListPaths = (
			);
			outputPaths = (
				"$(DERIVED_FILE_DIR)/Pods-VitalWinkTests-checkManifestLockResult.txt",
			);
			runOnlyForDeploymentPostprocessing = 0;
			shellPath = /bin/sh;
			shellScript = "diff \"${PODS_PODFILE_DIR_PATH}/Podfile.lock\" \"${PODS_ROOT}/Manifest.lock\" > /dev/null\nif [ $? != 0 ] ; then\n    # print error to STDERR\n    echo \"error: The sandbox is not in sync with the Podfile.lock. Run 'pod install' or update your CocoaPods installation.\" >&2\n    exit 1\nfi\n# This output is used by Xcode 'outputs' to avoid re-running this script phase.\necho \"SUCCESS\" > \"${SCRIPT_OUTPUT_FILE_0}\"\n";
			showEnvVarsInLog = 0;
		};
/* End PBXShellScriptBuildPhase section */

/* Begin PBXSourcesBuildPhase section */
		064B04B22A08DAAB00230FBC /* Sources */ = {
			isa = PBXSourcesBuildPhase;
			buildActionMask = 2147483647;
			files = (
				064B04E72A08F14800230FBC /* Camera.swift in Sources */,
				064B04BA2A08DAAB00230FBC /* VitalWinkApp.swift in Sources */,
			);
			runOnlyForDeploymentPostprocessing = 0;
		};
		064B04C22A08DAAC00230FBC /* Sources */ = {
			isa = PBXSourcesBuildPhase;
			buildActionMask = 2147483647;
			files = (
				064B04CB2A08DAAC00230FBC /* CameraTest.swift in Sources */,
			);
			runOnlyForDeploymentPostprocessing = 0;
		};
		064B04CC2A08DAAC00230FBC /* Sources */ = {
			isa = PBXSourcesBuildPhase;
			buildActionMask = 2147483647;
			files = (
				064B04D72A08DAAC00230FBC /* VitalWinkUITestsLaunchTests.swift in Sources */,
				064B04D52A08DAAC00230FBC /* VitalWinkUITests.swift in Sources */,
			);
			runOnlyForDeploymentPostprocessing = 0;
		};
/* End PBXSourcesBuildPhase section */

/* Begin PBXTargetDependency section */
		064B04C82A08DAAC00230FBC /* PBXTargetDependency */ = {
			isa = PBXTargetDependency;
			target = 064B04B52A08DAAB00230FBC /* VitalWink */;
			targetProxy = 064B04C72A08DAAC00230FBC /* PBXContainerItemProxy */;
		};
		064B04D22A08DAAC00230FBC /* PBXTargetDependency */ = {
			isa = PBXTargetDependency;
			target = 064B04B52A08DAAB00230FBC /* VitalWink */;
			targetProxy = 064B04D12A08DAAC00230FBC /* PBXContainerItemProxy */;
		};
/* End PBXTargetDependency section */

/* Begin XCBuildConfiguration section */
		064B04D82A08DAAC00230FBC /* Debug */ = {
			isa = XCBuildConfiguration;
			buildSettings = {
				ALWAYS_SEARCH_USER_PATHS = NO;
				CLANG_ANALYZER_NONNULL = YES;
				CLANG_ANALYZER_NUMBER_OBJECT_CONVERSION = YES_AGGRESSIVE;
				CLANG_CXX_LANGUAGE_STANDARD = "gnu++20";
				CLANG_ENABLE_MODULES = YES;
				CLANG_ENABLE_OBJC_ARC = YES;
				CLANG_ENABLE_OBJC_WEAK = YES;
				CLANG_WARN_BLOCK_CAPTURE_AUTORELEASING = YES;
				CLANG_WARN_BOOL_CONVERSION = YES;
				CLANG_WARN_COMMA = YES;
				CLANG_WARN_CONSTANT_CONVERSION = YES;
				CLANG_WARN_DEPRECATED_OBJC_IMPLEMENTATIONS = YES;
				CLANG_WARN_DIRECT_OBJC_ISA_USAGE = YES_ERROR;
				CLANG_WARN_DOCUMENTATION_COMMENTS = YES;
				CLANG_WARN_EMPTY_BODY = YES;
				CLANG_WARN_ENUM_CONVERSION = YES;
				CLANG_WARN_INFINITE_RECURSION = YES;
				CLANG_WARN_INT_CONVERSION = YES;
				CLANG_WARN_NON_LITERAL_NULL_CONVERSION = YES;
				CLANG_WARN_OBJC_IMPLICIT_RETAIN_SELF = YES;
				CLANG_WARN_OBJC_LITERAL_CONVERSION = YES;
				CLANG_WARN_OBJC_ROOT_CLASS = YES_ERROR;
				CLANG_WARN_QUOTED_INCLUDE_IN_FRAMEWORK_HEADER = YES;
				CLANG_WARN_RANGE_LOOP_ANALYSIS = YES;
				CLANG_WARN_STRICT_PROTOTYPES = YES;
				CLANG_WARN_SUSPICIOUS_MOVE = YES;
				CLANG_WARN_UNGUARDED_AVAILABILITY = YES_AGGRESSIVE;
				CLANG_WARN_UNREACHABLE_CODE = YES;
				CLANG_WARN__DUPLICATE_METHOD_MATCH = YES;
				COPY_PHASE_STRIP = NO;
				DEBUG_INFORMATION_FORMAT = dwarf;
				ENABLE_STRICT_OBJC_MSGSEND = YES;
				ENABLE_TESTABILITY = YES;
				GCC_C_LANGUAGE_STANDARD = gnu11;
				GCC_DYNAMIC_NO_PIC = NO;
				GCC_NO_COMMON_BLOCKS = YES;
				GCC_OPTIMIZATION_LEVEL = 0;
				GCC_PREPROCESSOR_DEFINITIONS = (
					"DEBUG=1",
					"$(inherited)",
				);
				GCC_WARN_64_TO_32_BIT_CONVERSION = YES;
				GCC_WARN_ABOUT_RETURN_TYPE = YES_ERROR;
				GCC_WARN_UNDECLARED_SELECTOR = YES;
				GCC_WARN_UNINITIALIZED_AUTOS = YES_AGGRESSIVE;
				GCC_WARN_UNUSED_FUNCTION = YES;
				GCC_WARN_UNUSED_VARIABLE = YES;
				IPHONEOS_DEPLOYMENT_TARGET = 14.0;
				MTL_ENABLE_DEBUG_INFO = INCLUDE_SOURCE;
				MTL_FAST_MATH = YES;
				ONLY_ACTIVE_ARCH = YES;
				SDKROOT = iphoneos;
				SWIFT_ACTIVE_COMPILATION_CONDITIONS = DEBUG;
				SWIFT_OPTIMIZATION_LEVEL = "-Onone";
			};
			name = Debug;
		};
		064B04D92A08DAAC00230FBC /* Release */ = {
			isa = XCBuildConfiguration;
			buildSettings = {
				ALWAYS_SEARCH_USER_PATHS = NO;
				CLANG_ANALYZER_NONNULL = YES;
				CLANG_ANALYZER_NUMBER_OBJECT_CONVERSION = YES_AGGRESSIVE;
				CLANG_CXX_LANGUAGE_STANDARD = "gnu++20";
				CLANG_ENABLE_MODULES = YES;
				CLANG_ENABLE_OBJC_ARC = YES;
				CLANG_ENABLE_OBJC_WEAK = YES;
				CLANG_WARN_BLOCK_CAPTURE_AUTORELEASING = YES;
				CLANG_WARN_BOOL_CONVERSION = YES;
				CLANG_WARN_COMMA = YES;
				CLANG_WARN_CONSTANT_CONVERSION = YES;
				CLANG_WARN_DEPRECATED_OBJC_IMPLEMENTATIONS = YES;
				CLANG_WARN_DIRECT_OBJC_ISA_USAGE = YES_ERROR;
				CLANG_WARN_DOCUMENTATION_COMMENTS = YES;
				CLANG_WARN_EMPTY_BODY = YES;
				CLANG_WARN_ENUM_CONVERSION = YES;
				CLANG_WARN_INFINITE_RECURSION = YES;
				CLANG_WARN_INT_CONVERSION = YES;
				CLANG_WARN_NON_LITERAL_NULL_CONVERSION = YES;
				CLANG_WARN_OBJC_IMPLICIT_RETAIN_SELF = YES;
				CLANG_WARN_OBJC_LITERAL_CONVERSION = YES;
				CLANG_WARN_OBJC_ROOT_CLASS = YES_ERROR;
				CLANG_WARN_QUOTED_INCLUDE_IN_FRAMEWORK_HEADER = YES;
				CLANG_WARN_RANGE_LOOP_ANALYSIS = YES;
				CLANG_WARN_STRICT_PROTOTYPES = YES;
				CLANG_WARN_SUSPICIOUS_MOVE = YES;
				CLANG_WARN_UNGUARDED_AVAILABILITY = YES_AGGRESSIVE;
				CLANG_WARN_UNREACHABLE_CODE = YES;
				CLANG_WARN__DUPLICATE_METHOD_MATCH = YES;
				COPY_PHASE_STRIP = NO;
				DEBUG_INFORMATION_FORMAT = "dwarf-with-dsym";
				ENABLE_NS_ASSERTIONS = NO;
				ENABLE_STRICT_OBJC_MSGSEND = YES;
				GCC_C_LANGUAGE_STANDARD = gnu11;
				GCC_NO_COMMON_BLOCKS = YES;
				GCC_WARN_64_TO_32_BIT_CONVERSION = YES;
				GCC_WARN_ABOUT_RETURN_TYPE = YES_ERROR;
				GCC_WARN_UNDECLARED_SELECTOR = YES;
				GCC_WARN_UNINITIALIZED_AUTOS = YES_AGGRESSIVE;
				GCC_WARN_UNUSED_FUNCTION = YES;
				GCC_WARN_UNUSED_VARIABLE = YES;
				IPHONEOS_DEPLOYMENT_TARGET = 14.0;
				MTL_ENABLE_DEBUG_INFO = NO;
				MTL_FAST_MATH = YES;
				SDKROOT = iphoneos;
				SWIFT_COMPILATION_MODE = wholemodule;
				SWIFT_OPTIMIZATION_LEVEL = "-O";
				VALIDATE_PRODUCT = YES;
			};
			name = Release;
		};
		064B04DB2A08DAAC00230FBC /* Debug */ = {
			isa = XCBuildConfiguration;
			baseConfigurationReference = 2A47F3C14603A90C365056B2 /* Pods-VitalWink.debug.xcconfig */;
			buildSettings = {
				ASSETCATALOG_COMPILER_APPICON_NAME = AppIcon;
				ASSETCATALOG_COMPILER_GLOBAL_ACCENT_COLOR_NAME = AccentColor;
				CODE_SIGN_STYLE = Automatic;
				CURRENT_PROJECT_VERSION = 1;
				DEVELOPMENT_ASSET_PATHS = "\"VitalWink/Preview Content\"";
				DEVELOPMENT_TEAM = 687R8W5T99;
				ENABLE_PREVIEWS = YES;
				GENERATE_INFOPLIST_FILE = YES;
				INFOPLIST_FILE = VitalWink/Info.plist;
				INFOPLIST_KEY_UIApplicationSceneManifest_Generation = YES;
				INFOPLIST_KEY_UIApplicationSupportsIndirectInputEvents = YES;
				INFOPLIST_KEY_UILaunchScreen_Generation = YES;
				INFOPLIST_KEY_UISupportedInterfaceOrientations_iPad = "UIInterfaceOrientationPortrait UIInterfaceOrientationPortraitUpsideDown UIInterfaceOrientationLandscapeLeft UIInterfaceOrientationLandscapeRight";
				INFOPLIST_KEY_UISupportedInterfaceOrientations_iPhone = "UIInterfaceOrientationPortrait UIInterfaceOrientationLandscapeLeft UIInterfaceOrientationLandscapeRight";
				IPHONEOS_DEPLOYMENT_TARGET = 14.0;
				LD_RUNPATH_SEARCH_PATHS = (
					"$(inherited)",
					"@executable_path/Frameworks",
				);
				MARKETING_VERSION = 1.0;
				PRODUCT_BUNDLE_IDENTIFIER = ac.kr.smu.VitalWink;
				PRODUCT_NAME = "$(TARGET_NAME)";
				SUPPORTED_PLATFORMS = "iphoneos iphonesimulator";
				SUPPORTS_MACCATALYST = NO;
				SUPPORTS_MAC_DESIGNED_FOR_IPHONE_IPAD = NO;
				SWIFT_EMIT_LOC_STRINGS = YES;
				SWIFT_VERSION = 5.0;
				TARGETED_DEVICE_FAMILY = "1,2";
			};
			name = Debug;
		};
		064B04DC2A08DAAC00230FBC /* Release */ = {
			isa = XCBuildConfiguration;
			baseConfigurationReference = 9858D4930D838B9E05520A65 /* Pods-VitalWink.release.xcconfig */;
			buildSettings = {
				ASSETCATALOG_COMPILER_APPICON_NAME = AppIcon;
				ASSETCATALOG_COMPILER_GLOBAL_ACCENT_COLOR_NAME = AccentColor;
				CODE_SIGN_STYLE = Automatic;
				CURRENT_PROJECT_VERSION = 1;
				DEVELOPMENT_ASSET_PATHS = "\"VitalWink/Preview Content\"";
				DEVELOPMENT_TEAM = 687R8W5T99;
				ENABLE_PREVIEWS = YES;
				GENERATE_INFOPLIST_FILE = YES;
				INFOPLIST_FILE = VitalWink/Info.plist;
				INFOPLIST_KEY_UIApplicationSceneManifest_Generation = YES;
				INFOPLIST_KEY_UIApplicationSupportsIndirectInputEvents = YES;
				INFOPLIST_KEY_UILaunchScreen_Generation = YES;
				INFOPLIST_KEY_UISupportedInterfaceOrientations_iPad = "UIInterfaceOrientationPortrait UIInterfaceOrientationPortraitUpsideDown UIInterfaceOrientationLandscapeLeft UIInterfaceOrientationLandscapeRight";
				INFOPLIST_KEY_UISupportedInterfaceOrientations_iPhone = "UIInterfaceOrientationPortrait UIInterfaceOrientationLandscapeLeft UIInterfaceOrientationLandscapeRight";
				IPHONEOS_DEPLOYMENT_TARGET = 14.0;
				LD_RUNPATH_SEARCH_PATHS = (
					"$(inherited)",
					"@executable_path/Frameworks",
				);
				MARKETING_VERSION = 1.0;
				PRODUCT_BUNDLE_IDENTIFIER = ac.kr.smu.VitalWink;
				PRODUCT_NAME = "$(TARGET_NAME)";
				SUPPORTED_PLATFORMS = "iphoneos iphonesimulator";
				SUPPORTS_MACCATALYST = NO;
				SUPPORTS_MAC_DESIGNED_FOR_IPHONE_IPAD = NO;
				SWIFT_EMIT_LOC_STRINGS = YES;
				SWIFT_VERSION = 5.0;
				TARGETED_DEVICE_FAMILY = "1,2";
			};
			name = Release;
		};
		064B04DE2A08DAAC00230FBC /* Debug */ = {
			isa = XCBuildConfiguration;
			baseConfigurationReference = 84643737B9BF11C1E6A6F40F /* Pods-VitalWinkTests.debug.xcconfig */;
			buildSettings = {
				ALWAYS_EMBED_SWIFT_STANDARD_LIBRARIES = YES;
				BUNDLE_LOADER = "$(TEST_HOST)";
				CODE_SIGN_STYLE = Automatic;
				CURRENT_PROJECT_VERSION = 1;
				DEVELOPMENT_TEAM = 687R8W5T99;
				GENERATE_INFOPLIST_FILE = YES;
				IPHONEOS_DEPLOYMENT_TARGET = 14.0;
				MARKETING_VERSION = 1.0;
				PRODUCT_BUNDLE_IDENTIFIER = ac.kr.smu.VitalWinkTests;
				PRODUCT_NAME = "$(TARGET_NAME)";
				SUPPORTED_PLATFORMS = "iphoneos iphonesimulator";
				SUPPORTS_MACCATALYST = NO;
				SUPPORTS_MAC_DESIGNED_FOR_IPHONE_IPAD = NO;
				SWIFT_EMIT_LOC_STRINGS = NO;
				SWIFT_VERSION = 5.0;
				TARGETED_DEVICE_FAMILY = "1,2";
				TEST_HOST = "$(BUILT_PRODUCTS_DIR)/VitalWink.app/$(BUNDLE_EXECUTABLE_FOLDER_PATH)/VitalWink";
			};
			name = Debug;
		};
		064B04DF2A08DAAC00230FBC /* Release */ = {
			isa = XCBuildConfiguration;
			baseConfigurationReference = A66C8DC35B6CF907D134CFA8 /* Pods-VitalWinkTests.release.xcconfig */;
			buildSettings = {
				ALWAYS_EMBED_SWIFT_STANDARD_LIBRARIES = YES;
				BUNDLE_LOADER = "$(TEST_HOST)";
				CODE_SIGN_STYLE = Automatic;
				CURRENT_PROJECT_VERSION = 1;
				DEVELOPMENT_TEAM = 687R8W5T99;
				GENERATE_INFOPLIST_FILE = YES;
				IPHONEOS_DEPLOYMENT_TARGET = 14.0;
				MARKETING_VERSION = 1.0;
				PRODUCT_BUNDLE_IDENTIFIER = ac.kr.smu.VitalWinkTests;
				PRODUCT_NAME = "$(TARGET_NAME)";
				SUPPORTED_PLATFORMS = "iphoneos iphonesimulator";
				SUPPORTS_MACCATALYST = NO;
				SUPPORTS_MAC_DESIGNED_FOR_IPHONE_IPAD = NO;
				SWIFT_EMIT_LOC_STRINGS = NO;
				SWIFT_VERSION = 5.0;
				TARGETED_DEVICE_FAMILY = "1,2";
				TEST_HOST = "$(BUILT_PRODUCTS_DIR)/VitalWink.app/$(BUNDLE_EXECUTABLE_FOLDER_PATH)/VitalWink";
			};
			name = Release;
		};
		064B04E12A08DAAC00230FBC /* Debug */ = {
			isa = XCBuildConfiguration;
			baseConfigurationReference = D3484BDFF897DDA39B1FA534 /* Pods-VitalWink-VitalWinkUITests.debug.xcconfig */;
			buildSettings = {
				ALWAYS_EMBED_SWIFT_STANDARD_LIBRARIES = YES;
				CODE_SIGN_STYLE = Automatic;
				CURRENT_PROJECT_VERSION = 1;
				DEVELOPMENT_TEAM = 687R8W5T99;
				GENERATE_INFOPLIST_FILE = YES;
				MARKETING_VERSION = 1.0;
				PRODUCT_BUNDLE_IDENTIFIER = ac.kr.smu.VitalWinkUITests;
				PRODUCT_NAME = "$(TARGET_NAME)";
				SWIFT_EMIT_LOC_STRINGS = NO;
				SWIFT_VERSION = 5.0;
				TARGETED_DEVICE_FAMILY = "1,2";
				TEST_TARGET_NAME = VitalWink;
			};
			name = Debug;
		};
		064B04E22A08DAAC00230FBC /* Release */ = {
			isa = XCBuildConfiguration;
			baseConfigurationReference = 2C6F199A9B1A255059C245B6 /* Pods-VitalWink-VitalWinkUITests.release.xcconfig */;
			buildSettings = {
				ALWAYS_EMBED_SWIFT_STANDARD_LIBRARIES = YES;
				CODE_SIGN_STYLE = Automatic;
				CURRENT_PROJECT_VERSION = 1;
				DEVELOPMENT_TEAM = 687R8W5T99;
				GENERATE_INFOPLIST_FILE = YES;
				MARKETING_VERSION = 1.0;
				PRODUCT_BUNDLE_IDENTIFIER = ac.kr.smu.VitalWinkUITests;
				PRODUCT_NAME = "$(TARGET_NAME)";
				SWIFT_EMIT_LOC_STRINGS = NO;
				SWIFT_VERSION = 5.0;
				TARGETED_DEVICE_FAMILY = "1,2";
				TEST_TARGET_NAME = VitalWink;
			};
			name = Release;
		};
/* End XCBuildConfiguration section */

/* Begin XCConfigurationList section */
		064B04B12A08DAAB00230FBC /* Build configuration list for PBXProject "VitalWink" */ = {
			isa = XCConfigurationList;
			buildConfigurations = (
				064B04D82A08DAAC00230FBC /* Debug */,
				064B04D92A08DAAC00230FBC /* Release */,
			);
			defaultConfigurationIsVisible = 0;
			defaultConfigurationName = Release;
		};
		064B04DA2A08DAAC00230FBC /* Build configuration list for PBXNativeTarget "VitalWink" */ = {
			isa = XCConfigurationList;
			buildConfigurations = (
				064B04DB2A08DAAC00230FBC /* Debug */,
				064B04DC2A08DAAC00230FBC /* Release */,
			);
			defaultConfigurationIsVisible = 0;
			defaultConfigurationName = Release;
		};
		064B04DD2A08DAAC00230FBC /* Build configuration list for PBXNativeTarget "VitalWinkTests" */ = {
			isa = XCConfigurationList;
			buildConfigurations = (
				064B04DE2A08DAAC00230FBC /* Debug */,
				064B04DF2A08DAAC00230FBC /* Release */,
			);
			defaultConfigurationIsVisible = 0;
			defaultConfigurationName = Release;
		};
		064B04E02A08DAAC00230FBC /* Build configuration list for PBXNativeTarget "VitalWinkUITests" */ = {
			isa = XCConfigurationList;
			buildConfigurations = (
				064B04E12A08DAAC00230FBC /* Debug */,
				064B04E22A08DAAC00230FBC /* Release */,
			);
			defaultConfigurationIsVisible = 0;
			defaultConfigurationName = Release;
		};
/* End XCConfigurationList section */
	};
	rootObject = 064B04AE2A08DAAB00230FBC /* Project object */;
}
